
Microsoft Visual Studio Solution File, Format Version 12.00
# Visual Studio Version 16
VisualStudioVersion = 16.0.30804.86
MinimumVisualStudioVersion = 10.0.40219.1
Project("{9A19103F-16F7-4668-BE54-9A1E7A4F7556}") = "EntityLayer", "EntityLayer\EntityLayer.csproj", "{D7B333F8-5DDF-40B9-A3C9-575F3405BDEE}"
EndProject
Project("{9A19103F-16F7-4668-BE54-9A1E7A4F7556}") = "DataAccessLayer", "DataAccessLayer\DataAccessLayer.csproj", "{CC9793FC-CCFA-4180-ACAE-27725498AA0F}"
EndProject
Project("{9A19103F-16F7-4668-BE54-9A1E7A4F7556}") = "BusinessLayer", "BusinessLayer\BusinessLayer.csproj", "{8EF32FFA-9B8E-4F63-99D7-39E6952D8E8B}"
EndProject
Project("{9A19103F-16F7-4668-BE54-9A1E7A4F7556}") = "CORE_HBKSOFTWARE", "CORE_HBKSOFTWARE\CORE_HBKSOFTWARE.csproj", "{9F5CA8E0-76C4-4A3B-819E-BF301D004B94}"
EndProject
Project("{FAE04EC0-301F-11D3-BF4B-00C04F79EFBC}") = "WebKartOyunu", "WebKartOyunu\WebKartOyunu.csproj", "{C4CD20A1-FEA7-495F-AA19-610FA7A1BF90}"
EndProject
Global
	GlobalSection(SolutionConfigurationPlatforms) = preSolution
		Debug|Any CPU = Debug|Any CPU
		Release|Any CPU = Release|Any CPU
	EndGlobalSection
	GlobalSection(ProjectConfigurationPlatforms) = postSolution
		{D7B333F8-5DDF-40B9-A3C9-575F3405BDEE}.Debug|Any CPU.ActiveCfg = Debug|Any CPU
		{D7B333F8-5DDF-40B9-A3C9-575F3405BDEE}.Debug|Any CPU.Build.0 = Debug|Any CPU
		{D7B333F8-5DDF-40B9-A3C9-575F3405BDEE}.Release|Any CPU.ActiveCfg = Release|Any CPU
		{D7B333F8-5DDF-40B9-A3C9-575F3405BDEE}.Release|Any CPU.Build.0 = Release|Any CPU
		{CC9793FC-CCFA-4180-ACAE-27725498AA0F}.Debug|Any CPU.ActiveCfg = Debug|Any CPU
		{CC9793FC-CCFA-4180-ACAE-27725498AA0F}.Debug|Any CPU.Build.0 = Debug|Any CPU
		{CC9793FC-CCFA-4180-ACAE-27725498AA0F}.Release|Any CPU.ActiveCfg = Release|Any CPU
		{CC9793FC-CCFA-4180-ACAE-27725498AA0F}.Release|Any CPU.Build.0 = Release|Any CPU
		{8EF32FFA-9B8E-4F63-99D7-39E6952D8E8B}.Debug|Any CPU.ActiveCfg = Debug|Any CPU
		{8EF32FFA-9B8E-4F63-99D7-39E6952D8E8B}.Debug|Any CPU.Build.0 = Debug|Any CPU
		{8EF32FFA-9B8E-4F63-99D7-39E6952D8E8B}.Release|Any CPU.ActiveCfg = Release|Any CPU
		{8EF32FFA-9B8E-4F63-99D7-39E6952D8E8B}.Release|Any CPU.Build.0 = Release|Any CPU
		{9F5CA8E0-76C4-4A3B-819E-BF301D004B94}.Debug|Any CPU.ActiveCfg = Debug|Any CPU
		{9F5CA8E0-76C4-4A3B-819E-BF301D004B94}.Debug|Any CPU.Build.0 = Debug|Any CPU
		{9F5CA8E0-76C4-4A3B-819E-BF301D004B94}.Release|Any CPU.ActiveCfg = Release|Any CPU
		{9F5CA8E0-76C4-4A3B-819E-BF301D004B94}.Release|Any CPU.Build.0 = Release|Any CPU
		{C4CD20A1-FEA7-495F-AA19-610FA7A1BF90}.Debug|Any CPU.ActiveCfg = Debug|Any CPU
		{C4CD20A1-FEA7-495F-AA19-610FA7A1BF90}.Debug|Any CPU.Build.0 = Debug|Any CPU
		{C4CD20A1-FEA7-495F-AA19-610FA7A1BF90}.Release|Any CPU.ActiveCfg = Release|Any CPU
		{C4CD20A1-FEA7-495F-AA19-610FA7A1BF90}.Release|Any CPU.Build.0 = Release|Any CPU
	EndGlobalSection
	GlobalSection(SolutionProperties) = preSolution
		HideSolutionNode = FALSE
	EndGlobalSection
	GlobalSection(ExtensibilityGlobals) = postSolution
		SolutionGuid = {EBC17C1E-C3CD-4109-80C1-95ED75A9492F}
	EndGlobalSection
EndGlobal
